
Microsoft Visual Studio Solution File, Format Version 12.00
# Visual Studio Version 16
VisualStudioVersion = 16.0.28711.60
MinimumVisualStudioVersion = 10.0.40219.1
Project("{2150E333-8FDC-42A3-9474-1A3956D46DE8}") = "Solution Items", "Solution Items", "{BF60BC93-E09B-4E5F-9D85-95A519479D54}"
	ProjectSection(SolutionItems) = preProject
		.editorconfig = .editorconfig
		build\common.props = build\common.props
		..\.github\workflows\dotnetcore.yml = ..\.github\workflows\dotnetcore.yml
		docs\filterConfig.yml = docs\filterConfig.yml
		NuGet.config = NuGet.config
		..\README.md = ..\README.md
		build\Spreads.props = build\Spreads.props
	EndProjectSection
EndProject
Project("{2150E333-8FDC-42A3-9474-1A3956D46DE8}") = "tests", "tests", "{ED8079DD-2B06-4030-9F0F-DC548F98E1C4}"
EndProject
Project("{9A19103F-16F7-4668-BE54-9A1E7A4F7556}") = "Spreads.Native", "src\Spreads.Native\Spreads.Native.csproj", "{5686515B-074C-48DB-BD56-FA4511F57733}"
EndProject
Project("{9A19103F-16F7-4668-BE54-9A1E7A4F7556}") = "Spreads.Native.Tests", "tests\Spreads.Native.Tests\Spreads.Native.Tests.csproj", "{47D43BAF-7DDA-4AE7-83B3-8B41C9A03D71}"
EndProject
Project("{9A19103F-16F7-4668-BE54-9A1E7A4F7556}") = "Spreads.Native.Run", "tests\Spreads.Native.Run\Spreads.Native.Run.csproj", "{A7E7E004-1C55-4524-96D1-5B74DC2D8C79}"
EndProject
Project("{E53339B2-1760-4266-BCC7-CA923CBCF16C}") = "DockerRun", "tests\DockerRun\DockerRun.dcproj", "{C999E506-898C-41D7-8335-F867FA2F28DF}"
EndProject
Project("{9A19103F-16F7-4668-BE54-9A1E7A4F7556}") = "Spreads.Native.Tests.NuGet", "tests\Spreads.Native.Tests.NuGet\Spreads.Native.Tests.NuGet.csproj", "{F124DFA6-AFD6-42FB-AD37-37AA401C52BA}"
EndProject
Global
	GlobalSection(SolutionConfigurationPlatforms) = preSolution
		Debug|Any CPU = Debug|Any CPU
		Release|Any CPU = Release|Any CPU
	EndGlobalSection
	GlobalSection(ProjectConfigurationPlatforms) = postSolution
		{5686515B-074C-48DB-BD56-FA4511F57733}.Debug|Any CPU.ActiveCfg = Debug|Any CPU
		{5686515B-074C-48DB-BD56-FA4511F57733}.Debug|Any CPU.Build.0 = Debug|Any CPU
		{5686515B-074C-48DB-BD56-FA4511F57733}.Release|Any CPU.ActiveCfg = Release|Any CPU
		{5686515B-074C-48DB-BD56-FA4511F57733}.Release|Any CPU.Build.0 = Release|Any CPU
		{47D43BAF-7DDA-4AE7-83B3-8B41C9A03D71}.Debug|Any CPU.ActiveCfg = Debug|Any CPU
		{47D43BAF-7DDA-4AE7-83B3-8B41C9A03D71}.Debug|Any CPU.Build.0 = Debug|Any CPU
		{47D43BAF-7DDA-4AE7-83B3-8B41C9A03D71}.Release|Any CPU.ActiveCfg = Release|Any CPU
		{47D43BAF-7DDA-4AE7-83B3-8B41C9A03D71}.Release|Any CPU.Build.0 = Release|Any CPU
		{A7E7E004-1C55-4524-96D1-5B74DC2D8C79}.Debug|Any CPU.ActiveCfg = Debug|Any CPU
		{A7E7E004-1C55-4524-96D1-5B74DC2D8C79}.Debug|Any CPU.Build.0 = Debug|Any CPU
		{A7E7E004-1C55-4524-96D1-5B74DC2D8C79}.Release|Any CPU.ActiveCfg = Release|Any CPU
		{A7E7E004-1C55-4524-96D1-5B74DC2D8C79}.Release|Any CPU.Build.0 = Release|Any CPU
		{C999E506-898C-41D7-8335-F867FA2F28DF}.Debug|Any CPU.ActiveCfg = Debug|Any CPU
		{C999E506-898C-41D7-8335-F867FA2F28DF}.Debug|Any CPU.Build.0 = Debug|Any CPU
		{C999E506-898C-41D7-8335-F867FA2F28DF}.Release|Any CPU.ActiveCfg = Release|Any CPU
		{C999E506-898C-41D7-8335-F867FA2F28DF}.Release|Any CPU.Build.0 = Release|Any CPU
		{F124DFA6-AFD6-42FB-AD37-37AA401C52BA}.Debug|Any CPU.ActiveCfg = Debug|Any CPU
		{F124DFA6-AFD6-42FB-AD37-37AA401C52BA}.Debug|Any CPU.Build.0 = Debug|Any CPU
		{F124DFA6-AFD6-42FB-AD37-37AA401C52BA}.Release|Any CPU.ActiveCfg = Release|Any CPU
		{F124DFA6-AFD6-42FB-AD37-37AA401C52BA}.Release|Any CPU.Build.0 = Release|Any CPU
	EndGlobalSection
	GlobalSection(SolutionProperties) = preSolution
		HideSolutionNode = FALSE
	EndGlobalSection
	GlobalSection(NestedProjects) = preSolution
		{47D43BAF-7DDA-4AE7-83B3-8B41C9A03D71} = {ED8079DD-2B06-4030-9F0F-DC548F98E1C4}
		{A7E7E004-1C55-4524-96D1-5B74DC2D8C79} = {ED8079DD-2B06-4030-9F0F-DC548F98E1C4}
		{C999E506-898C-41D7-8335-F867FA2F28DF} = {ED8079DD-2B06-4030-9F0F-DC548F98E1C4}
		{F124DFA6-AFD6-42FB-AD37-37AA401C52BA} = {ED8079DD-2B06-4030-9F0F-DC548F98E1C4}
	EndGlobalSection
	GlobalSection(ExtensibilityGlobals) = postSolution
		SolutionGuid = {70B77C15-F13A-4AFD-891C-D7857FE8FD18}
	EndGlobalSection
	GlobalSection(Performance) = preSolution
		HasPerformanceSessions = true
	EndGlobalSection
	GlobalSection(Performance) = preSolution
		HasPerformanceSessions = true
	EndGlobalSection
	GlobalSection(Performance) = preSolution
		HasPerformanceSessions = true
	EndGlobalSection
EndGlobal
